
Microsoft Visual Studio Solution File, Format Version 11.00
# Visual C++ Express 2010
Project("{8BC9CEB8-8B4A-11D0-8D11-00A0C91BC942}") = "win_lib", "win_lib.vcxproj", "{72DE6F62-7349-4826-9B72-63DEEA767461}"
EndProject
Global
	GlobalSection(SolutionConfigurationPlatforms) = preSolution
		Debug|Win32 = Debug|Win32
		Release|Win32 = Release|Win32
	EndGlobalSection
	GlobalSection(ProjectConfigurationPlatforms) = postSolution
		{72DE6F62-7349-4826-9B72-63DEEA767461}.Debug|Win32.ActiveCfg = Debug|Win32
		{72DE6F62-7349-4826-9B72-63DEEA767461}.Debug|Win32.Build.0 = Debug|Win32
		{72DE6F62-7349-4826-9B72-63DEEA767461}.Release|Win32.ActiveCfg = Release|Win32
		{72DE6F62-7349-4826-9B72-63DEEA767461}.Release|Win32.Build.0 = Release|Win32
	EndGlobalSection
	GlobalSection(SolutionProperties) = preSolution
		HideSolutionNode = FALSE
	EndGlobalSection
EndGlobal
