<?xml version="1.0" encoding="UTF-8" standalone="yes" ?>
<CodeBlocks_project_file>
	<FileVersion major="1" minor="6" />
	<Project>
		<Option title="sherlock" />
		<Option compiler="msvc8" />
		<Build>
			<Target title="Debug">
				<Option output="..\..\bin\sherlock" prefix_auto="1" extension_auto="1" />
				<Option working_dir="..\..\bin\" />
				<Option object_output="obj\Debug\" />
				<Option type="1" />
				<Option compiler="gcc" />
				<Option projectCompilerOptionsRelation="0" />
				<Compiler>
					<Add option="-Wall" />
					<Add option="-g" />
					<Add directory="C:\includes\boost_1_35_0" />
				</Compiler>
				<Linker>
					<Add option="/DEBUG" />
					<Add directory="C:\includes\boost_1_35_0" />
				</Linker>
			</Target>
			<Target title="Release">
				<Option output="bin\Release\sherlock" prefix_auto="1" extension_auto="1" />
				<Option object_output="obj\Release\" />
				<Option type="1" />
				<Option compiler="gcc" />
			</Target>
		</Build>
		<Compiler>
			<Add option="/MDd" />
			<Add option="/Gm" />
			<Add option="/EHa" />
			<Add option="/W4" />
			<Add option="/Zc:wchar_t" />
			<Add option="/Zi /D_DEBUG" />
		</Compiler>
		<Linker>
			<Add option="/DEBUG" />
		</Linker>
		<Unit filename="..\..\source\anchor.cpp" />
		<Unit filename="..\..\source\anchor.hpp" />
		<Unit filename="..\..\source\base_fileIO.cpp" />
		<Unit filename="..\..\source\base_fileIO.hpp" />
		<Unit filename="..\..\source\byteBuffer.cpp" />
		<Unit filename="..\..\source\byteBuffer.hpp" />
		<Unit filename="..\..\source\command.cpp" />
		<Unit filename="..\..\source\command.hpp" />
		<Unit filename="..\..\source\example_main.cpp" />
		<Unit filename="..\..\source\exceptions.hpp" />
		<Unit filename="..\..\source\figment.cpp" />
		<Unit filename="..\..\source\figment.hpp" />
		<Unit filename="..\..\source\lead.cpp" />
		<Unit filename="..\..\source\lead.hpp" />
		<Unit filename="..\..\source\plug.cpp" />
		<Unit filename="..\..\source\plug.hpp" />
		<Unit filename="..\..\source\profiler.cpp" />
		<Unit filename="..\..\source\profiler.hpp" />
		<Unit filename="..\..\source\runList.cpp" />
		<Unit filename="..\..\source\runList.hpp" />
		<Unit filename="..\..\source\textFig.cpp" />
		<Unit filename="..\..\source\textFig.hpp" />
		<Unit filename="..\..\source\utils.hpp" />
		<Unit filename="..\..\source\win_fileIO.cpp" />
		<Unit filename="..\..\source\win_fileIO.hpp" />
		<Unit filename="..\..\source\win_world.cpp" />
		<Unit filename="..\..\source\win_world.hpp" />
		<Unit filename="..\..\source\world.cpp" />
		<Unit filename="..\..\source\world.hpp" />
		<Extensions>
			<code_completion>
				<search_path add="..\..\includes" />
				<search_path add="C:\includes\boost_1_35_0" />
			</code_completion>
			<debugger />
		</Extensions>
	</Project>
</CodeBlocks_project_file>
