
Microsoft Visual Studio Solution File, Format Version 10.00
# Visual C++ Express 2008
Project("{8BC9CEB8-8B4A-11D0-8D11-00A0C91BC942}") = "libWin32", "..\..\libWin32\VS08\libWin32.vcproj", "{F5826B84-2C8F-4F9C-A943-30BAD43BDC3F}"
	ProjectSection(ProjectDependencies) = postProject
		{57BF2F44-650C-4C07-989A-1251BFA840D6} = {57BF2F44-650C-4C07-989A-1251BFA840D6}
	EndProjectSection
EndProject
Project("{8BC9CEB8-8B4A-11D0-8D11-00A0C91BC942}") = "libGamesTool", "..\..\libgamestool\VS2008\libGamesTool.vcproj", "{57BF2F44-650C-4C07-989A-1251BFA840D6}"
EndProject
Project("{8BC9CEB8-8B4A-11D0-8D11-00A0C91BC942}") = "libGraphics", "..\..\libgraphics\VS08\libGraphics.vcproj", "{2A75206C-7244-40D1-8331-B7FD9FF00534}"
	ProjectSection(ProjectDependencies) = postProject
		{57BF2F44-650C-4C07-989A-1251BFA840D6} = {57BF2F44-650C-4C07-989A-1251BFA840D6}
	EndProjectSection
EndProject
Project("{8BC9CEB8-8B4A-11D0-8D11-00A0C91BC942}") = "Examples", "ExampleApp.vcproj", "{1456098C-3402-4D44-AA65-D97DE3AFDD8B}"
	ProjectSection(ProjectDependencies) = postProject
		{10B69208-398A-42B5-A117-88D766734525} = {10B69208-398A-42B5-A117-88D766734525}
		{57BF2F44-650C-4C07-989A-1251BFA840D6} = {57BF2F44-650C-4C07-989A-1251BFA840D6}
		{2A75206C-7244-40D1-8331-B7FD9FF00534} = {2A75206C-7244-40D1-8331-B7FD9FF00534}
		{F5826B84-2C8F-4F9C-A943-30BAD43BDC3F} = {F5826B84-2C8F-4F9C-A943-30BAD43BDC3F}
		{88E346A2-D5EF-4EAA-90AC-B788F4A8B29E} = {88E346A2-D5EF-4EAA-90AC-B788F4A8B29E}
	EndProjectSection
EndProject
Project("{8BC9CEB8-8B4A-11D0-8D11-00A0C91BC942}") = "addonWinGL", "..\..\addonWinGL\VS08\addonWinGL.vcproj", "{88E346A2-D5EF-4EAA-90AC-B788F4A8B29E}"
	ProjectSection(ProjectDependencies) = postProject
		{2A75206C-7244-40D1-8331-B7FD9FF00534} = {2A75206C-7244-40D1-8331-B7FD9FF00534}
		{F5826B84-2C8F-4F9C-A943-30BAD43BDC3F} = {F5826B84-2C8F-4F9C-A943-30BAD43BDC3F}
	EndProjectSection
EndProject
Project("{8BC9CEB8-8B4A-11D0-8D11-00A0C91BC942}") = "addonLogic", "..\..\addonLogic\VS08\addonLogic.vcproj", "{10B69208-398A-42B5-A117-88D766734525}"
	ProjectSection(ProjectDependencies) = postProject
		{57BF2F44-650C-4C07-989A-1251BFA840D6} = {57BF2F44-650C-4C07-989A-1251BFA840D6}
	EndProjectSection
EndProject
Global
	GlobalSection(SolutionConfigurationPlatforms) = preSolution
		Debug|Win32 = Debug|Win32
		Release|Win32 = Release|Win32
	EndGlobalSection
	GlobalSection(ProjectConfigurationPlatforms) = postSolution
		{F5826B84-2C8F-4F9C-A943-30BAD43BDC3F}.Debug|Win32.ActiveCfg = Debug|Win32
		{F5826B84-2C8F-4F9C-A943-30BAD43BDC3F}.Debug|Win32.Build.0 = Debug|Win32
		{F5826B84-2C8F-4F9C-A943-30BAD43BDC3F}.Release|Win32.ActiveCfg = Release|Win32
		{F5826B84-2C8F-4F9C-A943-30BAD43BDC3F}.Release|Win32.Build.0 = Release|Win32
		{57BF2F44-650C-4C07-989A-1251BFA840D6}.Debug|Win32.ActiveCfg = Debug|Win32
		{57BF2F44-650C-4C07-989A-1251BFA840D6}.Debug|Win32.Build.0 = Debug|Win32
		{57BF2F44-650C-4C07-989A-1251BFA840D6}.Release|Win32.ActiveCfg = Release|Win32
		{57BF2F44-650C-4C07-989A-1251BFA840D6}.Release|Win32.Build.0 = Release|Win32
		{2A75206C-7244-40D1-8331-B7FD9FF00534}.Debug|Win32.ActiveCfg = Debug|Win32
		{2A75206C-7244-40D1-8331-B7FD9FF00534}.Debug|Win32.Build.0 = Debug|Win32
		{2A75206C-7244-40D1-8331-B7FD9FF00534}.Release|Win32.ActiveCfg = Release|Win32
		{2A75206C-7244-40D1-8331-B7FD9FF00534}.Release|Win32.Build.0 = Release|Win32
		{1456098C-3402-4D44-AA65-D97DE3AFDD8B}.Debug|Win32.ActiveCfg = Debug|Win32
		{1456098C-3402-4D44-AA65-D97DE3AFDD8B}.Debug|Win32.Build.0 = Debug|Win32
		{1456098C-3402-4D44-AA65-D97DE3AFDD8B}.Release|Win32.ActiveCfg = Release|Win32
		{1456098C-3402-4D44-AA65-D97DE3AFDD8B}.Release|Win32.Build.0 = Release|Win32
		{88E346A2-D5EF-4EAA-90AC-B788F4A8B29E}.Debug|Win32.ActiveCfg = Debug|Win32
		{88E346A2-D5EF-4EAA-90AC-B788F4A8B29E}.Debug|Win32.Build.0 = Debug|Win32
		{88E346A2-D5EF-4EAA-90AC-B788F4A8B29E}.Release|Win32.ActiveCfg = Release|Win32
		{88E346A2-D5EF-4EAA-90AC-B788F4A8B29E}.Release|Win32.Build.0 = Release|Win32
		{10B69208-398A-42B5-A117-88D766734525}.Debug|Win32.ActiveCfg = Debug|Win32
		{10B69208-398A-42B5-A117-88D766734525}.Debug|Win32.Build.0 = Debug|Win32
		{10B69208-398A-42B5-A117-88D766734525}.Release|Win32.ActiveCfg = Release|Win32
		{10B69208-398A-42B5-A117-88D766734525}.Release|Win32.Build.0 = Release|Win32
	EndGlobalSection
	GlobalSection(SolutionProperties) = preSolution
		HideSolutionNode = FALSE
	EndGlobalSection
EndGlobal
