
Microsoft Visual Studio Solution File, Format Version 11.00
# Visual C++ Express 2010
Project("{8BC9CEB8-8B4A-11D0-8D11-00A0C91BC942}") = "winGL_addon", "winGL_addon.vcxproj", "{13B562C4-98DC-47A0-B005-9F95CC0431AE}"
	ProjectSection(ProjectDependencies) = postProject
		{72DE6F62-7349-4826-9B72-63DEEA767461} = {72DE6F62-7349-4826-9B72-63DEEA767461}
		{409B0298-3B1E-417D-9FE0-61E666D7EE87} = {409B0298-3B1E-417D-9FE0-61E666D7EE87}
		{BEAFEDAC-3AE3-44E9-998A-E6C41CD31C98} = {BEAFEDAC-3AE3-44E9-998A-E6C41CD31C98}
	EndProjectSection
EndProject
Project("{8BC9CEB8-8B4A-11D0-8D11-00A0C91BC942}") = "gamestool_lib", "..\..\libgamestool\VS10e\gamestool_lib.vcxproj", "{BEAFEDAC-3AE3-44E9-998A-E6C41CD31C98}"
EndProject
Project("{8BC9CEB8-8B4A-11D0-8D11-00A0C91BC942}") = "graphics_lib", "..\..\libgraphics\VS10e\graphics_lib.vcxproj", "{409B0298-3B1E-417D-9FE0-61E666D7EE87}"
EndProject
Project("{8BC9CEB8-8B4A-11D0-8D11-00A0C91BC942}") = "win_lib", "..\..\libWin32\VS10e\win_lib.vcxproj", "{72DE6F62-7349-4826-9B72-63DEEA767461}"
EndProject
Global
	GlobalSection(SolutionConfigurationPlatforms) = preSolution
		Debug|Win32 = Debug|Win32
		Release|Win32 = Release|Win32
	EndGlobalSection
	GlobalSection(ProjectConfigurationPlatforms) = postSolution
		{13B562C4-98DC-47A0-B005-9F95CC0431AE}.Debug|Win32.ActiveCfg = Debug|Win32
		{13B562C4-98DC-47A0-B005-9F95CC0431AE}.Debug|Win32.Build.0 = Debug|Win32
		{13B562C4-98DC-47A0-B005-9F95CC0431AE}.Release|Win32.ActiveCfg = Release|Win32
		{13B562C4-98DC-47A0-B005-9F95CC0431AE}.Release|Win32.Build.0 = Release|Win32
		{BEAFEDAC-3AE3-44E9-998A-E6C41CD31C98}.Debug|Win32.ActiveCfg = Debug|Win32
		{BEAFEDAC-3AE3-44E9-998A-E6C41CD31C98}.Debug|Win32.Build.0 = Debug|Win32
		{BEAFEDAC-3AE3-44E9-998A-E6C41CD31C98}.Release|Win32.ActiveCfg = Release|Win32
		{BEAFEDAC-3AE3-44E9-998A-E6C41CD31C98}.Release|Win32.Build.0 = Release|Win32
		{409B0298-3B1E-417D-9FE0-61E666D7EE87}.Debug|Win32.ActiveCfg = Debug|Win32
		{409B0298-3B1E-417D-9FE0-61E666D7EE87}.Debug|Win32.Build.0 = Debug|Win32
		{409B0298-3B1E-417D-9FE0-61E666D7EE87}.Release|Win32.ActiveCfg = Release|Win32
		{409B0298-3B1E-417D-9FE0-61E666D7EE87}.Release|Win32.Build.0 = Release|Win32
		{72DE6F62-7349-4826-9B72-63DEEA767461}.Debug|Win32.ActiveCfg = Debug|Win32
		{72DE6F62-7349-4826-9B72-63DEEA767461}.Debug|Win32.Build.0 = Debug|Win32
		{72DE6F62-7349-4826-9B72-63DEEA767461}.Release|Win32.ActiveCfg = Release|Win32
		{72DE6F62-7349-4826-9B72-63DEEA767461}.Release|Win32.Build.0 = Release|Win32
	EndGlobalSection
	GlobalSection(SolutionProperties) = preSolution
		HideSolutionNode = FALSE
	EndGlobalSection
EndGlobal
